
Microsoft Visual Studio Solution File, Format Version 12.00
# Visual Studio Version 17
VisualStudioVersion = 17.0.31903.59
MinimumVisualStudioVersion = 10.0.40219.1
Project("{2150E333-8FDC-42A3-9474-1A3956D46DE8}") = "src", "src", "{EB1D5CC9-C1EE-486B-961A-996251085264}"
EndProject
Project("{FAE04EC0-301F-11D3-BF4B-00C04F79EFBC}") = "MiniDB.Domain", "src\MiniDB.Domain\MiniDB.Domain.csproj", "{185AA306-46E0-48FE-A08F-DB6785F89431}"
EndProject
Project("{FAE04EC0-301F-11D3-BF4B-00C04F79EFBC}") = "MiniDB.Application", "src\MiniDB.Application\MiniDB.Application.csproj", "{7E5F7426-382C-485A-859F-A1E4067ECFA9}"
EndProject
Project("{FAE04EC0-301F-11D3-BF4B-00C04F79EFBC}") = "MiniDB.Infrastructure", "src\MiniDB.Infrastructure\MiniDB.Infrastructure.csproj", "{187E7CCA-7DA1-430E-8AD7-1086E443304A}"
EndProject
Project("{FAE04EC0-301F-11D3-BF4B-00C04F79EFBC}") = "MiniDB.Cli", "src\MiniDB.Cli\MiniDB.Cli.csproj", "{953A81CB-6B12-4C91-AA2F-92BC089E655D}"
EndProject
Global
	GlobalSection(SolutionConfigurationPlatforms) = preSolution
		Debug|Any CPU = Debug|Any CPU
		Release|Any CPU = Release|Any CPU
	EndGlobalSection
	GlobalSection(SolutionProperties) = preSolution
		HideSolutionNode = FALSE
	EndGlobalSection
	GlobalSection(ProjectConfigurationPlatforms) = postSolution
		{185AA306-46E0-48FE-A08F-DB6785F89431}.Debug|Any CPU.ActiveCfg = Debug|Any CPU
		{185AA306-46E0-48FE-A08F-DB6785F89431}.Debug|Any CPU.Build.0 = Debug|Any CPU
		{185AA306-46E0-48FE-A08F-DB6785F89431}.Release|Any CPU.ActiveCfg = Release|Any CPU
		{185AA306-46E0-48FE-A08F-DB6785F89431}.Release|Any CPU.Build.0 = Release|Any CPU
		{7E5F7426-382C-485A-859F-A1E4067ECFA9}.Debug|Any CPU.ActiveCfg = Debug|Any CPU
		{7E5F7426-382C-485A-859F-A1E4067ECFA9}.Debug|Any CPU.Build.0 = Debug|Any CPU
		{7E5F7426-382C-485A-859F-A1E4067ECFA9}.Release|Any CPU.ActiveCfg = Release|Any CPU
		{7E5F7426-382C-485A-859F-A1E4067ECFA9}.Release|Any CPU.Build.0 = Release|Any CPU
		{187E7CCA-7DA1-430E-8AD7-1086E443304A}.Debug|Any CPU.ActiveCfg = Debug|Any CPU
		{187E7CCA-7DA1-430E-8AD7-1086E443304A}.Debug|Any CPU.Build.0 = Debug|Any CPU
		{187E7CCA-7DA1-430E-8AD7-1086E443304A}.Release|Any CPU.ActiveCfg = Release|Any CPU
		{187E7CCA-7DA1-430E-8AD7-1086E443304A}.Release|Any CPU.Build.0 = Release|Any CPU
		{953A81CB-6B12-4C91-AA2F-92BC089E655D}.Debug|Any CPU.ActiveCfg = Debug|Any CPU
		{953A81CB-6B12-4C91-AA2F-92BC089E655D}.Debug|Any CPU.Build.0 = Debug|Any CPU
		{953A81CB-6B12-4C91-AA2F-92BC089E655D}.Release|Any CPU.ActiveCfg = Release|Any CPU
		{953A81CB-6B12-4C91-AA2F-92BC089E655D}.Release|Any CPU.Build.0 = Release|Any CPU
	EndGlobalSection
	GlobalSection(NestedProjects) = preSolution
		{185AA306-46E0-48FE-A08F-DB6785F89431} = {EB1D5CC9-C1EE-486B-961A-996251085264}
		{7E5F7426-382C-485A-859F-A1E4067ECFA9} = {EB1D5CC9-C1EE-486B-961A-996251085264}
		{187E7CCA-7DA1-430E-8AD7-1086E443304A} = {EB1D5CC9-C1EE-486B-961A-996251085264}
		{953A81CB-6B12-4C91-AA2F-92BC089E655D} = {EB1D5CC9-C1EE-486B-961A-996251085264}
	EndGlobalSection
EndGlobal
